
Microsoft Visual Studio Solution File, Format Version 12.00
# Visual Studio Version 17
VisualStudioVersion = 17.13.35919.96
MinimumVisualStudioVersion = 10.0.40219.1
Project("{2150E333-8FDC-42A3-9474-1A3956D46DE8}") = "src", "src", "{36D591C7-65C7-A0D1-1CBC-10CDE441BDC8}"
EndProject
Project("{2150E333-8FDC-42A3-9474-1A3956D46DE8}") = "tests", "tests", "{6964604F-9401-4277-A098-337886CE6072}"
EndProject
Project("{2150E333-8FDC-42A3-9474-1A3956D46DE8}") = "CatalogService", "CatalogService", "{4D4FEE9D-6BCA-4C55-89F9-7FD4FBEEC358}"
EndProject
Project("{FAE04EC0-301F-11D3-BF4B-00C04F79EFBC}") = "Catalog.API", "src\CatalogService\Catalog.API\Catalog.API.csproj", "{52200922-7357-437B-8149-F3AEDC686AD8}"
EndProject
Project("{FAE04EC0-301F-11D3-BF4B-00C04F79EFBC}") = "Catalog.BLL", "src\CatalogService\Catalog.BLL\Catalog.BLL.csproj", "{CA141584-4031-4B23-928A-56F8AE925DFC}"
EndProject
Project("{FAE04EC0-301F-11D3-BF4B-00C04F79EFBC}") = "Catalog.DAL", "src\CatalogService\Catalog.DAL\Catalog.DAL.csproj", "{3A9C3ADD-88C6-492E-89E2-1DDB76250270}"
EndProject
Project("{2150E333-8FDC-42A3-9474-1A3956D46DE8}") = "OrderService", "OrderService", "{D0F8FC44-A323-424A-AF12-E2E3E6218F44}"
EndProject
Project("{FAE04EC0-301F-11D3-BF4B-00C04F79EFBC}") = "Order.Domain", "src\OrderService\Order.Domain\Order.Domain.csproj", "{18F267BC-888F-434C-A9A3-4B6F7EDDCF36}"
EndProject
Project("{FAE04EC0-301F-11D3-BF4B-00C04F79EFBC}") = "Order.Application", "src\OrderService\Order.Application\Order.Application.csproj", "{A2EDC7B8-A2C3-4024-860A-F6A016C2A477}"
EndProject
Project("{FAE04EC0-301F-11D3-BF4B-00C04F79EFBC}") = "Order.Infrastructure", "src\OrderService\Order.Infrastructure\Order.Infrastructure.csproj", "{6477A10E-3B5A-4D9C-BC13-D064B98E133D}"
EndProject
Project("{FAE04EC0-301F-11D3-BF4B-00C04F79EFBC}") = "Order.API", "src\OrderService\Order.API\Order.API.csproj", "{A9C0BA7C-6C64-49E7-86CF-A7097C85D9A0}"
EndProject
Global
	GlobalSection(SolutionConfigurationPlatforms) = preSolution
		Debug|Any CPU = Debug|Any CPU
		Release|Any CPU = Release|Any CPU
	EndGlobalSection
	GlobalSection(ProjectConfigurationPlatforms) = postSolution
		{52200922-7357-437B-8149-F3AEDC686AD8}.Debug|Any CPU.ActiveCfg = Debug|Any CPU
		{52200922-7357-437B-8149-F3AEDC686AD8}.Debug|Any CPU.Build.0 = Debug|Any CPU
		{52200922-7357-437B-8149-F3AEDC686AD8}.Release|Any CPU.ActiveCfg = Release|Any CPU
		{52200922-7357-437B-8149-F3AEDC686AD8}.Release|Any CPU.Build.0 = Release|Any CPU
		{CA141584-4031-4B23-928A-56F8AE925DFC}.Debug|Any CPU.ActiveCfg = Debug|Any CPU
		{CA141584-4031-4B23-928A-56F8AE925DFC}.Debug|Any CPU.Build.0 = Debug|Any CPU
		{CA141584-4031-4B23-928A-56F8AE925DFC}.Release|Any CPU.ActiveCfg = Release|Any CPU
		{CA141584-4031-4B23-928A-56F8AE925DFC}.Release|Any CPU.Build.0 = Release|Any CPU
		{3A9C3ADD-88C6-492E-89E2-1DDB76250270}.Debug|Any CPU.ActiveCfg = Debug|Any CPU
		{3A9C3ADD-88C6-492E-89E2-1DDB76250270}.Debug|Any CPU.Build.0 = Debug|Any CPU
		{3A9C3ADD-88C6-492E-89E2-1DDB76250270}.Release|Any CPU.ActiveCfg = Release|Any CPU
		{3A9C3ADD-88C6-492E-89E2-1DDB76250270}.Release|Any CPU.Build.0 = Release|Any CPU
		{18F267BC-888F-434C-A9A3-4B6F7EDDCF36}.Debug|Any CPU.ActiveCfg = Debug|Any CPU
		{18F267BC-888F-434C-A9A3-4B6F7EDDCF36}.Debug|Any CPU.Build.0 = Debug|Any CPU
		{18F267BC-888F-434C-A9A3-4B6F7EDDCF36}.Release|Any CPU.ActiveCfg = Release|Any CPU
		{18F267BC-888F-434C-A9A3-4B6F7EDDCF36}.Release|Any CPU.Build.0 = Release|Any CPU
		{A2EDC7B8-A2C3-4024-860A-F6A016C2A477}.Debug|Any CPU.ActiveCfg = Debug|Any CPU
		{A2EDC7B8-A2C3-4024-860A-F6A016C2A477}.Debug|Any CPU.Build.0 = Debug|Any CPU
		{A2EDC7B8-A2C3-4024-860A-F6A016C2A477}.Release|Any CPU.ActiveCfg = Release|Any CPU
		{A2EDC7B8-A2C3-4024-860A-F6A016C2A477}.Release|Any CPU.Build.0 = Release|Any CPU
		{6477A10E-3B5A-4D9C-BC13-D064B98E133D}.Debug|Any CPU.ActiveCfg = Debug|Any CPU
		{6477A10E-3B5A-4D9C-BC13-D064B98E133D}.Debug|Any CPU.Build.0 = Debug|Any CPU
		{6477A10E-3B5A-4D9C-BC13-D064B98E133D}.Release|Any CPU.ActiveCfg = Release|Any CPU
		{6477A10E-3B5A-4D9C-BC13-D064B98E133D}.Release|Any CPU.Build.0 = Release|Any CPU
		{A9C0BA7C-6C64-49E7-86CF-A7097C85D9A0}.Debug|Any CPU.ActiveCfg = Debug|Any CPU
		{A9C0BA7C-6C64-49E7-86CF-A7097C85D9A0}.Debug|Any CPU.Build.0 = Debug|Any CPU
		{A9C0BA7C-6C64-49E7-86CF-A7097C85D9A0}.Release|Any CPU.ActiveCfg = Release|Any CPU
		{A9C0BA7C-6C64-49E7-86CF-A7097C85D9A0}.Release|Any CPU.Build.0 = Release|Any CPU
	EndGlobalSection
	GlobalSection(SolutionProperties) = preSolution
		HideSolutionNode = FALSE
	EndGlobalSection
	GlobalSection(NestedProjects) = preSolution
		{4D4FEE9D-6BCA-4C55-89F9-7FD4FBEEC358} = {36D591C7-65C7-A0D1-1CBC-10CDE441BDC8}
		{52200922-7357-437B-8149-F3AEDC686AD8} = {4D4FEE9D-6BCA-4C55-89F9-7FD4FBEEC358}
		{CA141584-4031-4B23-928A-56F8AE925DFC} = {4D4FEE9D-6BCA-4C55-89F9-7FD4FBEEC358}
		{3A9C3ADD-88C6-492E-89E2-1DDB76250270} = {4D4FEE9D-6BCA-4C55-89F9-7FD4FBEEC358}
		{D0F8FC44-A323-424A-AF12-E2E3E6218F44} = {36D591C7-65C7-A0D1-1CBC-10CDE441BDC8}
		{18F267BC-888F-434C-A9A3-4B6F7EDDCF36} = {D0F8FC44-A323-424A-AF12-E2E3E6218F44}
		{A2EDC7B8-A2C3-4024-860A-F6A016C2A477} = {D0F8FC44-A323-424A-AF12-E2E3E6218F44}
		{6477A10E-3B5A-4D9C-BC13-D064B98E133D} = {D0F8FC44-A323-424A-AF12-E2E3E6218F44}
		{A9C0BA7C-6C64-49E7-86CF-A7097C85D9A0} = {D0F8FC44-A323-424A-AF12-E2E3E6218F44}
	EndGlobalSection
	GlobalSection(ExtensibilityGlobals) = postSolution
		SolutionGuid = {904C214F-2656-439A-AD3C-0811B2B5F2D6}
	EndGlobalSection
EndGlobal
