
Microsoft Visual Studio Solution File, Format Version 12.00
# Visual Studio Version 17
VisualStudioVersion = 17.13.35919.96
MinimumVisualStudioVersion = 10.0.40219.1
Project("{2150E333-8FDC-42A3-9474-1A3956D46DE8}") = "src", "src", "{36D591C7-65C7-A0D1-1CBC-10CDE441BDC8}"
EndProject
Project("{2150E333-8FDC-42A3-9474-1A3956D46DE8}") = "tests", "tests", "{6964604F-9401-4277-A098-337886CE6072}"
EndProject
Project("{2150E333-8FDC-42A3-9474-1A3956D46DE8}") = "CatalogService", "CatalogService", "{4D4FEE9D-6BCA-4C55-89F9-7FD4FBEEC358}"
EndProject
Project("{FAE04EC0-301F-11D3-BF4B-00C04F79EFBC}") = "Catalog.API", "src\CatalogService\Catalog.API\Catalog.API.csproj", "{52200922-7357-437B-8149-F3AEDC686AD8}"
EndProject
Project("{FAE04EC0-301F-11D3-BF4B-00C04F79EFBC}") = "Catalog.BLL", "src\CatalogService\Catalog.BLL\Catalog.BLL.csproj", "{CA141584-4031-4B23-928A-56F8AE925DFC}"
EndProject
Project("{FAE04EC0-301F-11D3-BF4B-00C04F79EFBC}") = "Catalog.DAL", "src\CatalogService\Catalog.DAL\Catalog.DAL.csproj", "{3A9C3ADD-88C6-492E-89E2-1DDB76250270}"
EndProject
Project("{2150E333-8FDC-42A3-9474-1A3956D46DE8}") = "OrderService", "OrderService", "{D0F8FC44-A323-424A-AF12-E2E3E6218F44}"
EndProject
Project("{FAE04EC0-301F-11D3-BF4B-00C04F79EFBC}") = "Orders.Domain", "src\OrderService\Orders.Domain\Orders.Domain.csproj", "{0BE85F97-BF23-9B50-69C5-F98D1517F409}"
EndProject
Project("{FAE04EC0-301F-11D3-BF4B-00C04F79EFBC}") = "Orders.Application", "src\OrderService\Orders.Application\Orders.Application.csproj", "{FA3DBA5F-08C8-86E1-57F6-4EC63CAB0D19}"
EndProject
Project("{FAE04EC0-301F-11D3-BF4B-00C04F79EFBC}") = "Orders.Infrastructure", "src\OrderService\Orders.Infrastructure\Orders.Infrastructure.csproj", "{0D4B1F59-2E3D-915F-6A03-70BE88C38C50}"
EndProject
Project("{FAE04EC0-301F-11D3-BF4B-00C04F79EFBC}") = "Orders.API", "src\OrderService\Orders.API\Orders.API.csproj", "{EDFEF653-A086-7FE6-6F7A-29F42A155343}"
EndProject
Project("{2150E333-8FDC-42A3-9474-1A3956D46DE8}") = "BasketService", "BasketService", "{9ADE5FEA-3B86-45F8-B7B0-E3844E9BDC6E}"
EndProject
Project("{FAE04EC0-301F-11D3-BF4B-00C04F79EFBC}") = "Basket.API", "src\BasketService\Basket.API\Basket.API.csproj", "{2C01098E-6CFB-401D-9C07-CD6D4BBBEC2B}"
EndProject
Project("{FAE04EC0-301F-11D3-BF4B-00C04F79EFBC}") = "Basket.BLL", "src\BasketService\Basket.BLL\Basket.BLL.csproj", "{1E21498F-D654-49DD-9CE7-71BDC41FB301}"
EndProject
Project("{FAE04EC0-301F-11D3-BF4B-00C04F79EFBC}") = "Basket.DAL", "src\BasketService\Basket.DAL\Basket.DAL.csproj", "{C6A76903-760D-4753-9238-14301305117E}"
EndProject
Project("{2150E333-8FDC-42A3-9474-1A3956D46DE8}") = "MessageBrokerAbstractionService", "MessageBrokerAbstractionService", "{2223ED75-C446-4559-9BDF-7A6C3B8C69A1}"
EndProject
Project("{FAE04EC0-301F-11D3-BF4B-00C04F79EFBC}") = "MessageBroker.Abstraction", "src\MessageBrokerAbstractionService\MessageBroker.Abstraction\MessageBroker.Abstraction.csproj", "{215A5EF0-800E-490F-B8D8-3A53D06987A2}"
EndProject
Project("{FAE04EC0-301F-11D3-BF4B-00C04F79EFBC}") = "MessageBroker.RabbitMQ", "src\MessageBrokerAbstractionService\MessageBroker.RabbitMQ\MessageBroker.RabbitMQ.csproj", "{59E21C2B-685F-4D15-850D-DA810D878396}"
EndProject
Project("{E53339B2-1760-4266-BCC7-CA923CBCF16C}") = "docker-compose", "docker-compose.dcproj", "{81DDED9D-158B-E303-5F62-77A2896D2A5A}"
EndProject
Global
	GlobalSection(SolutionConfigurationPlatforms) = preSolution
		Debug|Any CPU = Debug|Any CPU
		Release|Any CPU = Release|Any CPU
	EndGlobalSection
	GlobalSection(ProjectConfigurationPlatforms) = postSolution
		{52200922-7357-437B-8149-F3AEDC686AD8}.Debug|Any CPU.ActiveCfg = Debug|Any CPU
		{52200922-7357-437B-8149-F3AEDC686AD8}.Debug|Any CPU.Build.0 = Debug|Any CPU
		{52200922-7357-437B-8149-F3AEDC686AD8}.Release|Any CPU.ActiveCfg = Release|Any CPU
		{52200922-7357-437B-8149-F3AEDC686AD8}.Release|Any CPU.Build.0 = Release|Any CPU
		{CA141584-4031-4B23-928A-56F8AE925DFC}.Debug|Any CPU.ActiveCfg = Debug|Any CPU
		{CA141584-4031-4B23-928A-56F8AE925DFC}.Debug|Any CPU.Build.0 = Debug|Any CPU
		{CA141584-4031-4B23-928A-56F8AE925DFC}.Release|Any CPU.ActiveCfg = Release|Any CPU
		{CA141584-4031-4B23-928A-56F8AE925DFC}.Release|Any CPU.Build.0 = Release|Any CPU
		{3A9C3ADD-88C6-492E-89E2-1DDB76250270}.Debug|Any CPU.ActiveCfg = Debug|Any CPU
		{3A9C3ADD-88C6-492E-89E2-1DDB76250270}.Debug|Any CPU.Build.0 = Debug|Any CPU
		{3A9C3ADD-88C6-492E-89E2-1DDB76250270}.Release|Any CPU.ActiveCfg = Release|Any CPU
		{3A9C3ADD-88C6-492E-89E2-1DDB76250270}.Release|Any CPU.Build.0 = Release|Any CPU
		{0BE85F97-BF23-9B50-69C5-F98D1517F409}.Debug|Any CPU.ActiveCfg = Debug|Any CPU
		{0BE85F97-BF23-9B50-69C5-F98D1517F409}.Debug|Any CPU.Build.0 = Debug|Any CPU
		{0BE85F97-BF23-9B50-69C5-F98D1517F409}.Release|Any CPU.ActiveCfg = Release|Any CPU
		{0BE85F97-BF23-9B50-69C5-F98D1517F409}.Release|Any CPU.Build.0 = Release|Any CPU
		{FA3DBA5F-08C8-86E1-57F6-4EC63CAB0D19}.Debug|Any CPU.ActiveCfg = Debug|Any CPU
		{FA3DBA5F-08C8-86E1-57F6-4EC63CAB0D19}.Debug|Any CPU.Build.0 = Debug|Any CPU
		{FA3DBA5F-08C8-86E1-57F6-4EC63CAB0D19}.Release|Any CPU.ActiveCfg = Release|Any CPU
		{FA3DBA5F-08C8-86E1-57F6-4EC63CAB0D19}.Release|Any CPU.Build.0 = Release|Any CPU
		{0D4B1F59-2E3D-915F-6A03-70BE88C38C50}.Debug|Any CPU.ActiveCfg = Debug|Any CPU
		{0D4B1F59-2E3D-915F-6A03-70BE88C38C50}.Debug|Any CPU.Build.0 = Debug|Any CPU
		{0D4B1F59-2E3D-915F-6A03-70BE88C38C50}.Release|Any CPU.ActiveCfg = Release|Any CPU
		{0D4B1F59-2E3D-915F-6A03-70BE88C38C50}.Release|Any CPU.Build.0 = Release|Any CPU
		{EDFEF653-A086-7FE6-6F7A-29F42A155343}.Debug|Any CPU.ActiveCfg = Debug|Any CPU
		{EDFEF653-A086-7FE6-6F7A-29F42A155343}.Debug|Any CPU.Build.0 = Debug|Any CPU
		{EDFEF653-A086-7FE6-6F7A-29F42A155343}.Release|Any CPU.ActiveCfg = Release|Any CPU
		{EDFEF653-A086-7FE6-6F7A-29F42A155343}.Release|Any CPU.Build.0 = Release|Any CPU
		{2C01098E-6CFB-401D-9C07-CD6D4BBBEC2B}.Debug|Any CPU.ActiveCfg = Debug|Any CPU
		{2C01098E-6CFB-401D-9C07-CD6D4BBBEC2B}.Debug|Any CPU.Build.0 = Debug|Any CPU
		{2C01098E-6CFB-401D-9C07-CD6D4BBBEC2B}.Release|Any CPU.ActiveCfg = Release|Any CPU
		{2C01098E-6CFB-401D-9C07-CD6D4BBBEC2B}.Release|Any CPU.Build.0 = Release|Any CPU
		{1E21498F-D654-49DD-9CE7-71BDC41FB301}.Debug|Any CPU.ActiveCfg = Debug|Any CPU
		{1E21498F-D654-49DD-9CE7-71BDC41FB301}.Debug|Any CPU.Build.0 = Debug|Any CPU
		{1E21498F-D654-49DD-9CE7-71BDC41FB301}.Release|Any CPU.ActiveCfg = Release|Any CPU
		{1E21498F-D654-49DD-9CE7-71BDC41FB301}.Release|Any CPU.Build.0 = Release|Any CPU
		{C6A76903-760D-4753-9238-14301305117E}.Debug|Any CPU.ActiveCfg = Debug|Any CPU
		{C6A76903-760D-4753-9238-14301305117E}.Debug|Any CPU.Build.0 = Debug|Any CPU
		{C6A76903-760D-4753-9238-14301305117E}.Release|Any CPU.ActiveCfg = Release|Any CPU
		{C6A76903-760D-4753-9238-14301305117E}.Release|Any CPU.Build.0 = Release|Any CPU
		{215A5EF0-800E-490F-B8D8-3A53D06987A2}.Debug|Any CPU.ActiveCfg = Debug|Any CPU
		{215A5EF0-800E-490F-B8D8-3A53D06987A2}.Debug|Any CPU.Build.0 = Debug|Any CPU
		{215A5EF0-800E-490F-B8D8-3A53D06987A2}.Release|Any CPU.ActiveCfg = Release|Any CPU
		{215A5EF0-800E-490F-B8D8-3A53D06987A2}.Release|Any CPU.Build.0 = Release|Any CPU
		{59E21C2B-685F-4D15-850D-DA810D878396}.Debug|Any CPU.ActiveCfg = Debug|Any CPU
		{59E21C2B-685F-4D15-850D-DA810D878396}.Debug|Any CPU.Build.0 = Debug|Any CPU
		{59E21C2B-685F-4D15-850D-DA810D878396}.Release|Any CPU.ActiveCfg = Release|Any CPU
		{59E21C2B-685F-4D15-850D-DA810D878396}.Release|Any CPU.Build.0 = Release|Any CPU
		{81DDED9D-158B-E303-5F62-77A2896D2A5A}.Debug|Any CPU.ActiveCfg = Debug|Any CPU
		{81DDED9D-158B-E303-5F62-77A2896D2A5A}.Debug|Any CPU.Build.0 = Debug|Any CPU
		{81DDED9D-158B-E303-5F62-77A2896D2A5A}.Release|Any CPU.ActiveCfg = Release|Any CPU
		{81DDED9D-158B-E303-5F62-77A2896D2A5A}.Release|Any CPU.Build.0 = Release|Any CPU
	EndGlobalSection
	GlobalSection(SolutionProperties) = preSolution
		HideSolutionNode = FALSE
	EndGlobalSection
	GlobalSection(NestedProjects) = preSolution
		{4D4FEE9D-6BCA-4C55-89F9-7FD4FBEEC358} = {36D591C7-65C7-A0D1-1CBC-10CDE441BDC8}
		{52200922-7357-437B-8149-F3AEDC686AD8} = {4D4FEE9D-6BCA-4C55-89F9-7FD4FBEEC358}
		{CA141584-4031-4B23-928A-56F8AE925DFC} = {4D4FEE9D-6BCA-4C55-89F9-7FD4FBEEC358}
		{3A9C3ADD-88C6-492E-89E2-1DDB76250270} = {4D4FEE9D-6BCA-4C55-89F9-7FD4FBEEC358}
		{D0F8FC44-A323-424A-AF12-E2E3E6218F44} = {36D591C7-65C7-A0D1-1CBC-10CDE441BDC8}
		{0BE85F97-BF23-9B50-69C5-F98D1517F409} = {D0F8FC44-A323-424A-AF12-E2E3E6218F44}
		{FA3DBA5F-08C8-86E1-57F6-4EC63CAB0D19} = {D0F8FC44-A323-424A-AF12-E2E3E6218F44}
		{0D4B1F59-2E3D-915F-6A03-70BE88C38C50} = {D0F8FC44-A323-424A-AF12-E2E3E6218F44}
		{EDFEF653-A086-7FE6-6F7A-29F42A155343} = {D0F8FC44-A323-424A-AF12-E2E3E6218F44}
		{9ADE5FEA-3B86-45F8-B7B0-E3844E9BDC6E} = {36D591C7-65C7-A0D1-1CBC-10CDE441BDC8}
		{2C01098E-6CFB-401D-9C07-CD6D4BBBEC2B} = {9ADE5FEA-3B86-45F8-B7B0-E3844E9BDC6E}
		{1E21498F-D654-49DD-9CE7-71BDC41FB301} = {9ADE5FEA-3B86-45F8-B7B0-E3844E9BDC6E}
		{C6A76903-760D-4753-9238-14301305117E} = {9ADE5FEA-3B86-45F8-B7B0-E3844E9BDC6E}
		{2223ED75-C446-4559-9BDF-7A6C3B8C69A1} = {36D591C7-65C7-A0D1-1CBC-10CDE441BDC8}
		{215A5EF0-800E-490F-B8D8-3A53D06987A2} = {2223ED75-C446-4559-9BDF-7A6C3B8C69A1}
		{59E21C2B-685F-4D15-850D-DA810D878396} = {2223ED75-C446-4559-9BDF-7A6C3B8C69A1}
	EndGlobalSection
	GlobalSection(ExtensibilityGlobals) = postSolution
		SolutionGuid = {904C214F-2656-439A-AD3C-0811B2B5F2D6}
	EndGlobalSection
EndGlobal
